
Microsoft Visual Studio Solution File, Format Version 12.00
# Visual Studio 2013
VisualStudioVersion = 12.0.21005.1
MinimumVisualStudioVersion = 10.0.40219.1
Project("{8BC9CEB8-8B4A-11D0-8D11-00A0C91BC942}") = "reject_mother", "reject_mother\reject_mother.vcxproj", "{C0F1ACE0-9544-452F-9ADB-4E7D35388E29}"
EndProject
Project("{8BC9CEB8-8B4A-11D0-8D11-00A0C91BC942}") = "test_dll", "test_dll\test_dll.vcxproj", "{287B206C-C6A5-479D-8200-E27DB6F7DB37}"
EndProject
Project("{8BC9CEB8-8B4A-11D0-8D11-00A0C91BC942}") = "private_dll", "private_dll\private_dll.vcxproj", "{D2B27BBC-DDCD-4FB9-9BDF-B47AF3C1326D}"
EndProject
Global
	GlobalSection(SolutionConfigurationPlatforms) = preSolution
		Debug|ARM = Debug|ARM
		Debug|Mixed Platforms = Debug|Mixed Platforms
		Debug|Win32 = Debug|Win32
		Debug|x64 = Debug|x64
		Release|ARM = Release|ARM
		Release|Mixed Platforms = Release|Mixed Platforms
		Release|Win32 = Release|Win32
		Release|x64 = Release|x64
	EndGlobalSection
	GlobalSection(ProjectConfigurationPlatforms) = postSolution
		{C0F1ACE0-9544-452F-9ADB-4E7D35388E29}.Debug|ARM.ActiveCfg = Debug|Win32
		{C0F1ACE0-9544-452F-9ADB-4E7D35388E29}.Debug|Mixed Platforms.ActiveCfg = Debug|Win32
		{C0F1ACE0-9544-452F-9ADB-4E7D35388E29}.Debug|Mixed Platforms.Build.0 = Debug|Win32
		{C0F1ACE0-9544-452F-9ADB-4E7D35388E29}.Debug|Win32.ActiveCfg = Debug|Win32
		{C0F1ACE0-9544-452F-9ADB-4E7D35388E29}.Debug|Win32.Build.0 = Debug|Win32
		{C0F1ACE0-9544-452F-9ADB-4E7D35388E29}.Debug|x64.ActiveCfg = Debug|x64
		{C0F1ACE0-9544-452F-9ADB-4E7D35388E29}.Debug|x64.Build.0 = Debug|x64
		{C0F1ACE0-9544-452F-9ADB-4E7D35388E29}.Release|ARM.ActiveCfg = Release|Win32
		{C0F1ACE0-9544-452F-9ADB-4E7D35388E29}.Release|Mixed Platforms.ActiveCfg = Release|Win32
		{C0F1ACE0-9544-452F-9ADB-4E7D35388E29}.Release|Mixed Platforms.Build.0 = Release|Win32
		{C0F1ACE0-9544-452F-9ADB-4E7D35388E29}.Release|Win32.ActiveCfg = Release|Win32
		{C0F1ACE0-9544-452F-9ADB-4E7D35388E29}.Release|Win32.Build.0 = Release|Win32
		{C0F1ACE0-9544-452F-9ADB-4E7D35388E29}.Release|x64.ActiveCfg = Release|x64
		{C0F1ACE0-9544-452F-9ADB-4E7D35388E29}.Release|x64.Build.0 = Release|x64
		{287B206C-C6A5-479D-8200-E27DB6F7DB37}.Debug|ARM.ActiveCfg = Debug|Win32
		{287B206C-C6A5-479D-8200-E27DB6F7DB37}.Debug|Mixed Platforms.ActiveCfg = Debug|Win32
		{287B206C-C6A5-479D-8200-E27DB6F7DB37}.Debug|Mixed Platforms.Build.0 = Debug|Win32
		{287B206C-C6A5-479D-8200-E27DB6F7DB37}.Debug|Win32.ActiveCfg = Debug|Win32
		{287B206C-C6A5-479D-8200-E27DB6F7DB37}.Debug|Win32.Build.0 = Debug|Win32
		{287B206C-C6A5-479D-8200-E27DB6F7DB37}.Debug|x64.ActiveCfg = Debug|x64
		{287B206C-C6A5-479D-8200-E27DB6F7DB37}.Debug|x64.Build.0 = Debug|x64
		{287B206C-C6A5-479D-8200-E27DB6F7DB37}.Release|ARM.ActiveCfg = Release|Win32
		{287B206C-C6A5-479D-8200-E27DB6F7DB37}.Release|Mixed Platforms.ActiveCfg = Release|Win32
		{287B206C-C6A5-479D-8200-E27DB6F7DB37}.Release|Mixed Platforms.Build.0 = Release|Win32
		{287B206C-C6A5-479D-8200-E27DB6F7DB37}.Release|Win32.ActiveCfg = Release|Win32
		{287B206C-C6A5-479D-8200-E27DB6F7DB37}.Release|Win32.Build.0 = Release|Win32
		{287B206C-C6A5-479D-8200-E27DB6F7DB37}.Release|x64.ActiveCfg = Release|x64
		{287B206C-C6A5-479D-8200-E27DB6F7DB37}.Release|x64.Build.0 = Release|x64
		{D2B27BBC-DDCD-4FB9-9BDF-B47AF3C1326D}.Debug|ARM.ActiveCfg = Debug|Win32
		{D2B27BBC-DDCD-4FB9-9BDF-B47AF3C1326D}.Debug|Mixed Platforms.ActiveCfg = Debug|Win32
		{D2B27BBC-DDCD-4FB9-9BDF-B47AF3C1326D}.Debug|Mixed Platforms.Build.0 = Debug|Win32
		{D2B27BBC-DDCD-4FB9-9BDF-B47AF3C1326D}.Debug|Win32.ActiveCfg = Debug|Win32
		{D2B27BBC-DDCD-4FB9-9BDF-B47AF3C1326D}.Debug|Win32.Build.0 = Debug|Win32
		{D2B27BBC-DDCD-4FB9-9BDF-B47AF3C1326D}.Debug|x64.ActiveCfg = Debug|Win32
		{D2B27BBC-DDCD-4FB9-9BDF-B47AF3C1326D}.Release|ARM.ActiveCfg = Release|Win32
		{D2B27BBC-DDCD-4FB9-9BDF-B47AF3C1326D}.Release|Mixed Platforms.ActiveCfg = Release|Win32
		{D2B27BBC-DDCD-4FB9-9BDF-B47AF3C1326D}.Release|Mixed Platforms.Build.0 = Release|Win32
		{D2B27BBC-DDCD-4FB9-9BDF-B47AF3C1326D}.Release|Win32.ActiveCfg = Release|Win32
		{D2B27BBC-DDCD-4FB9-9BDF-B47AF3C1326D}.Release|Win32.Build.0 = Release|Win32
		{D2B27BBC-DDCD-4FB9-9BDF-B47AF3C1326D}.Release|x64.ActiveCfg = Release|x64
	EndGlobalSection
	GlobalSection(SolutionProperties) = preSolution
		HideSolutionNode = FALSE
	EndGlobalSection
EndGlobal
